// !$*UTF8*$!
{
	archiveVersion = 1;
	classes = {
	};
	objectVersion = 46;
	objects = {

/* Begin PBXBuildFile section */
		743D2FAF1D906CBE0057721C /* AppDelegate.swift in Sources */ = {isa = PBXBuildFile; fileRef = 743D2FAE1D906CBE0057721C /* AppDelegate.swift */; };
		743D2FB11D906CBE0057721C /* ViewController.swift in Sources */ = {isa = PBXBuildFile; fileRef = 743D2FB01D906CBE0057721C /* ViewController.swift */; };
		743D2FB41D906CBE0057721C /* Main.storyboard in Resources */ = {isa = PBXBuildFile; fileRef = 743D2FB21D906CBE0057721C /* Main.storyboard */; };
		743D2FB61D906CBE0057721C /* Assets.xcassets in Resources */ = {isa = PBXBuildFile; fileRef = 743D2FB51D906CBE0057721C /* Assets.xcassets */; };
		743D2FB91D906CBE0057721C /* LaunchScreen.storyboard in Resources */ = {isa = PBXBuildFile; fileRef = 743D2FB71D906CBE0057721C /* LaunchScreen.storyboard */; };
		743D2FC41D906CBE0057721C /* SmallshooterV1Tests.swift in Sources */ = {isa = PBXBuildFile; fileRef = 743D2FC31D906CBE0057721C /* SmallshooterV1Tests.swift */; };
/* End PBXBuildFile section */

/* Begin PBXContainerItemProxy section */
		743D2FC01D906CBE0057721C /* PBXContainerItemProxy */ = {
			isa = PBXContainerItemProxy;
			containerPortal = 743D2FA31D906CBE0057721C /* Project object */;
			proxyType = 1;
			remoteGlobalIDString = 743D2FAA1D906CBE0057721C;
			remoteInfo = SmallshooterV1;
		};
/* End PBXContainerItemProxy section */

/* Begin PBXFileReference section */
		743D2FAB1D906CBE0057721C /* SmallshooterV1.app */ = {isa = PBXFileReference; explicitFileType = wrapper.application; includeInIndex = 0; path = SmallshooterV1.app; sourceTree = BUILT_PRODUCTS_DIR; };
		743D2FAE1D906CBE0057721C /* AppDelegate.swift */ = {isa = PBXFileReference; lastKnownFileType = sourcecode.swift; path = AppDelegate.swift; sourceTree = "<group>"; };
		743D2FB01D906CBE0057721C /* ViewController.swift */ = {isa = PBXFileReference; lastKnownFileType = sourcecode.swift; path = ViewController.swift; sourceTree = "<group>"; };
		743D2FB31D906CBE0057721C /* Base */ = {isa = PBXFileReference; lastKnownFileType = file.storyboard; name = Base; path = Base.lproj/Main.storyboard; sourceTree = "<group>"; };
		743D2FB51D906CBE0057721C /* Assets.xcassets */ = {isa = PBXFileReference; lastKnownFileType = folder.assetcatalog; path = Assets.xcassets; sourceTree = "<group>"; };
		743D2FB81D906CBE0057721C /* Base */ = {isa = PBXFileReference; lastKnownFileType = file.storyboard; name = Base; path = Base.lproj/LaunchScreen.storyboard; sourceTree = "<group>"; };
		743D2FBA1D906CBE0057721C /* Info.plist */ = {isa = PBXFileReference; lastKnownFileType = text.plist.xml; path = Info.plist; sourceTree = "<group>"; };
		743D2FBF1D906CBE0057721C /* SmallshooterV1Tests.xctest */ = {isa = PBXFileReference; explicitFileType = wrapper.cfbundle; includeInIndex = 0; path = SmallshooterV1Tests.xctest; sourceTree = BUILT_PRODUCTS_DIR; };
		743D2FC31D906CBE0057721C /* SmallshooterV1Tests.swift */ = {isa = PBXFileReference; lastKnownFileType = sourcecode.swift; path = SmallshooterV1Tests.swift; sourceTree = "<group>"; };
		743D2FC51D906CBE0057721C /* Info.plist */ = {isa = PBXFileReference; lastKnownFileType = text.plist.xml; path = Info.plist; sourceTree = "<group>"; };
/* End PBXFileReference section */

/* Begin PBXFrameworksBuildPhase section */
		743D2FA81D906CBE0057721C /* Frameworks */ = {
			isa = PBXFrameworksBuildPhase;
			buildActionMask = 2147483647;
			files = (
			);
			runOnlyForDeploymentPostprocessing = 0;
		};
		743D2FBC1D906CBE0057721C /* Frameworks */ = {
			isa = PBXFrameworksBuildPhase;
			buildActionMask = 2147483647;
			files = (
			);
			runOnlyForDeploymentPostprocessing = 0;
		};
/* End PBXFrameworksBuildPhase section */

/* Begin PBXGroup section */
		743D2FA21D906CBE0057721C = {
			isa = PBXGroup;
			children = (
				743D2FAD1D906CBE0057721C /* SmallshooterV1 */,
				743D2FC21D906CBE0057721C /* SmallshooterV1Tests */,
				743D2FAC1D906CBE0057721C /* Products */,
			);
			sourceTree = "<group>";
		};
		743D2FAC1D906CBE0057721C /* Products */ = {
			isa = PBXGroup;
			children = (
				743D2FAB1D906CBE0057721C /* SmallshooterV1.app */,
				743D2FBF1D906CBE0057721C /* SmallshooterV1Tests.xctest */,
			);
			name = Products;
			sourceTree = "<group>";
		};
		743D2FAD1D906CBE0057721C /* SmallshooterV1 */ = {
			isa = PBXGroup;
			children = (
				743D2FAE1D906CBE0057721C /* AppDelegate.swift */,
				743D2FB01D906CBE0057721C /* ViewController.swift */,
				743D2FB21D906CBE0057721C /* Main.storyboard */,
				743D2FB51D906CBE0057721C /* Assets.xcassets */,
				743D2FB71D906CBE0057721C /* LaunchScreen.storyboard */,
				743D2FBA1D906CBE0057721C /* Info.plist */,
			);
			path = SmallshooterV1;
			sourceTree = "<group>";
		};
		743D2FC21D906CBE0057721C /* SmallshooterV1Tests */ = {
			isa = PBXGroup;
			children = (
				743D2FC31D906CBE0057721C /* SmallshooterV1Tests.swift */,
				743D2FC51D906CBE0057721C /* Info.plist */,
			);
			path = SmallshooterV1Tests;
			sourceTree = "<group>";
		};
/* End PBXGroup section */

/* Begin PBXNativeTarget section */
		743D2FAA1D906CBE0057721C /* SmallshooterV1 */ = {
			isa = PBXNativeTarget;
			buildConfigurationList = 743D2FC81D906CBE0057721C /* Build configuration list for PBXNativeTarget "SmallshooterV1" */;
			buildPhases = (
				743D2FA71D906CBE0057721C /* Sources */,
				743D2FA81D906CBE0057721C /* Frameworks */,
				743D2FA91D906CBE0057721C /* Resources */,
			);
			buildRules = (
			);
			dependencies = (
			);
			name = SmallshooterV1;
			productName = SmallshooterV1;
			productReference = 743D2FAB1D906CBE0057721C /* SmallshooterV1.app */;
			productType = "com.apple.product-type.application";
		};
		743D2FBE1D906CBE0057721C /* SmallshooterV1Tests */ = {
			isa = PBXNativeTarget;
			buildConfigurationList = 743D2FCB1D906CBE0057721C /* Build configuration list for PBXNativeTarget "SmallshooterV1Tests" */;
			buildPhases = (
				743D2FBB1D906CBE0057721C /* Sources */,
				743D2FBC1D906CBE0057721C /* Frameworks */,
				743D2FBD1D906CBE0057721C /* Resources */,
			);
			buildRules = (
			);
			dependencies = (
				743D2FC11D906CBE0057721C /* PBXTargetDependency */,
			);
			name = SmallshooterV1Tests;
			productName = SmallshooterV1Tests;
			productReference = 743D2FBF1D906CBE0057721C /* SmallshooterV1Tests.xctest */;
			productType = "com.apple.product-type.bundle.unit-test";
		};
/* End PBXNativeTarget section */

/* Begin PBXProject section */
		743D2FA31D906CBE0057721C /* Project object */ = {
			isa = PBXProject;
			attributes = {
				LastSwiftUpdateCheck = 0800;
				LastUpgradeCheck = 0800;
				ORGANIZATIONNAME = Smallshooter;
				TargetAttributes = {
					743D2FAA1D906CBE0057721C = {
						CreatedOnToolsVersion = 8.0;
						ProvisioningStyle = Automatic;
					};
					743D2FBE1D906CBE0057721C = {
						CreatedOnToolsVersion = 8.0;
						ProvisioningStyle = Automatic;
						TestTargetID = 743D2FAA1D906CBE0057721C;
					};
				};
			};
			buildConfigurationList = 743D2FA61D906CBE0057721C /* Build configuration list for PBXProject "SmallshooterV1" */;
			compatibilityVersion = "Xcode 3.2";
			developmentRegion = English;
			hasScannedForEncodings = 0;
			knownRegions = (
				en,
				Base,
			);
			mainGroup = 743D2FA21D906CBE0057721C;
			productRefGroup = 743D2FAC1D906CBE0057721C /* Products */;
			projectDirPath = "";
			projectRoot = "";
			targets = (
				743D2FAA1D906CBE0057721C /* SmallshooterV1 */,
				743D2FBE1D906CBE0057721C /* SmallshooterV1Tests */,
			);
		};
/* End PBXProject section */

/* Begin PBXResourcesBuildPhase section */
		743D2FA91D906CBE0057721C /* Resources */ = {
			isa = PBXResourcesBuildPhase;
			buildActionMask = 2147483647;
			files = (
				743D2FB91D906CBE0057721C /* LaunchScreen.storyboard in Resources */,
				743D2FB61D906CBE0057721C /* Assets.xcassets in Resources */,
				743D2FB41D906CBE0057721C /* Main.storyboard in Resources */,
			);
			runOnlyForDeploymentPostprocessing = 0;
		};
		743D2FBD1D906CBE0057721C /* Resources */ = {
			isa = PBXResourcesBuildPhase;
			buildActionMask = 2147483647;
			files = (
			);
			runOnlyForDeploymentPostprocessing = 0;
		};
/* End PBXResourcesBuildPhase section */

/* Begin PBXSourcesBuildPhase section */
		743D2FA71D906CBE0057721C /* Sources */ = {
			isa = PBXSourcesBuildPhase;
			buildActionMask = 2147483647;
			files = (
				743D2FB11D906CBE0057721C /* ViewController.swift in Sources */,
				743D2FAF1D906CBE0057721C /* AppDelegate.swift in Sources */,
			);
			runOnlyForDeploymentPostprocessing = 0;
		};
		743D2FBB1D906CBE0057721C /* Sources */ = {
			isa = PBXSourcesBuildPhase;
			buildActionMask = 2147483647;
			files = (
				743D2FC41D906CBE0057721C /* SmallshooterV1Tests.swift in Sources */,
			);
			runOnlyForDeploymentPostprocessing = 0;
		};
/* End PBXSourcesBuildPhase section */

/* Begin PBXTargetDependency section */
		743D2FC11D906CBE0057721C /* PBXTargetDependency */ = {
			isa = PBXTargetDependency;
			target = 743D2FAA1D906CBE0057721C /* SmallshooterV1 */;
			targetProxy = 743D2FC01D906CBE0057721C /* PBXContainerItemProxy */;
		};
/* End PBXTargetDependency section */

/* Begin PBXVariantGroup section */
		743D2FB21D906CBE0057721C /* Main.storyboard */ = {
			isa = PBXVariantGroup;
			children = (
				743D2FB31D906CBE0057721C /* Base */,
			);
			name = Main.storyboard;
			sourceTree = "<group>";
		};
		743D2FB71D906CBE0057721C /* LaunchScreen.storyboard */ = {
			isa = PBXVariantGroup;
			children = (
				743D2FB81D906CBE0057721C /* Base */,
			);
			name = LaunchScreen.storyboard;
			sourceTree = "<group>";
		};
/* End PBXVariantGroup section */

/* Begin XCBuildConfiguration section */
		743D2FC61D906CBE0057721C /* Debug */ = {
			isa = XCBuildConfiguration;
			buildSettings = {
				ALWAYS_SEARCH_USER_PATHS = NO;
				CLANG_ANALYZER_NONNULL = YES;
				CLANG_CXX_LANGUAGE_STANDARD = "gnu++0x";
				CLANG_CXX_LIBRARY = "libc++";
				CLANG_ENABLE_MODULES = YES;
				CLANG_ENABLE_OBJC_ARC = YES;
				CLANG_WARN_BOOL_CONVERSION = YES;
				CLANG_WARN_CONSTANT_CONVERSION = YES;
				CLANG_WARN_DIRECT_OBJC_ISA_USAGE = YES_ERROR;
				CLANG_WARN_DOCUMENTATION_COMMENTS = YES;
				CLANG_WARN_EMPTY_BODY = YES;
				CLANG_WARN_ENUM_CONVERSION = YES;
				CLANG_WARN_INFINITE_RECURSION = YES;
				CLANG_WARN_INT_CONVERSION = YES;
				CLANG_WARN_OBJC_ROOT_CLASS = YES_ERROR;
				CLANG_WARN_SUSPICIOUS_MOVES = YES;
				CLANG_WARN_UNREACHABLE_CODE = YES;
				CLANG_WARN__DUPLICATE_METHOD_MATCH = YES;
				"CODE_SIGN_IDENTITY[sdk=iphoneos*]" = "iPhone Developer";
				COPY_PHASE_STRIP = NO;
				DEBUG_INFORMATION_FORMAT = dwarf;
				ENABLE_STRICT_OBJC_MSGSEND = YES;
				ENABLE_TESTABILITY = YES;
				GCC_C_LANGUAGE_STANDARD = gnu99;
				GCC_DYNAMIC_NO_PIC = NO;
				GCC_NO_COMMON_BLOCKS = YES;
				GCC_OPTIMIZATION_LEVEL = 0;
				GCC_PREPROCESSOR_DEFINITIONS = (
					"DEBUG=1",
					"$(inherited)",
				);
				GCC_WARN_64_TO_32_BIT_CONVERSION = YES;
				GCC_WARN_ABOUT_RETURN_TYPE = YES_ERROR;
				GCC_WARN_UNDECLARED_SELECTOR = YES;
				GCC_WARN_UNINITIALIZED_AUTOS = YES_AGGRESSIVE;
				GCC_WARN_UNUSED_FUNCTION = YES;
				GCC_WARN_UNUSED_VARIABLE = YES;
				IPHONEOS_DEPLOYMENT_TARGET = 10.0;
				MTL_ENABLE_DEBUG_INFO = YES;
				ONLY_ACTIVE_ARCH = YES;
				SDKROOT = iphoneos;
				SWIFT_ACTIVE_COMPILATION_CONDITIONS = DEBUG;
				SWIFT_OPTIMIZATION_LEVEL = "-Onone";
			};
			name = Debug;
		};
		743D2FC71D906CBE0057721C /* Release */ = {
			isa = XCBuildConfiguration;
			buildSettings = {
				ALWAYS_SEARCH_USER_PATHS = NO;
				CLANG_ANALYZER_NONNULL = YES;
				CLANG_CXX_LANGUAGE_STANDARD = "gnu++0x";
				CLANG_CXX_LIBRARY = "libc++";
				CLANG_ENABLE_MODULES = YES;
				CLANG_ENABLE_OBJC_ARC = YES;
				CLANG_WARN_BOOL_CONVERSION = YES;
				CLANG_WARN_CONSTANT_CONVERSION = YES;
				CLANG_WARN_DIRECT_OBJC_ISA_USAGE = YES_ERROR;
				CLANG_WARN_DOCUMENTATION_COMMENTS = YES;
				CLANG_WARN_EMPTY_BODY = YES;
				CLANG_WARN_ENUM_CONVERSION = YES;
				CLANG_WARN_INFINITE_RECURSION = YES;
				CLANG_WARN_INT_CONVERSION = YES;
				CLANG_WARN_OBJC_ROOT_CLASS = YES_ERROR;
				CLANG_WARN_SUSPICIOUS_MOVES = YES;
				CLANG_WARN_UNREACHABLE_CODE = YES;
				CLANG_WARN__DUPLICATE_METHOD_MATCH = YES;
				"CODE_SIGN_IDENTITY[sdk=iphoneos*]" = "iPhone Developer";
				COPY_PHASE_STRIP = NO;
				DEBUG_INFORMATION_FORMAT = "dwarf-with-dsym";
				ENABLE_NS_ASSERTIONS = NO;
				ENABLE_STRICT_OBJC_MSGSEND = YES;
				GCC_C_LANGUAGE_STANDARD = gnu99;
				GCC_NO_COMMON_BLOCKS = YES;
				GCC_WARN_64_TO_32_BIT_CONVERSION = YES;
				GCC_WARN_ABOUT_RETURN_TYPE = YES_ERROR;
				GCC_WARN_UNDECLARED_SELECTOR = YES;
				GCC_WARN_UNINITIALIZED_AUTOS = YES_AGGRESSIVE;
				GCC_WARN_UNUSED_FUNCTION = YES;
				GCC_WARN_UNUSED_VARIABLE = YES;
				IPHONEOS_DEPLOYMENT_TARGET = 10.0;
				MTL_ENABLE_DEBUG_INFO = NO;
				SDKROOT = iphoneos;
				SWIFT_OPTIMIZATION_LEVEL = "-Owholemodule";
				VALIDATE_PRODUCT = YES;
			};
			name = Release;
		};
		743D2FC91D906CBE0057721C /* Debug */ = {
			isa = XCBuildConfiguration;
			buildSettings = {
				ASSETCATALOG_COMPILER_APPICON_NAME = AppIcon;
				INFOPLIST_FILE = SmallshooterV1/Info.plist;
				LD_RUNPATH_SEARCH_PATHS = "$(inherited) @executable_path/Frameworks";
				PRODUCT_BUNDLE_IDENTIFIER = com.smallshooter.SmallshooterV1;
				PRODUCT_NAME = "$(TARGET_NAME)";
				SWIFT_VERSION = 3.0;
			};
			name = Debug;
		};
		743D2FCA1D906CBE0057721C /* Release */ = {
			isa = XCBuildConfiguration;
			buildSettings = {
				ASSETCATALOG_COMPILER_APPICON_NAME = AppIcon;
				INFOPLIST_FILE = SmallshooterV1/Info.plist;
				LD_RUNPATH_SEARCH_PATHS = "$(inherited) @executable_path/Frameworks";
				PRODUCT_BUNDLE_IDENTIFIER = com.smallshooter.SmallshooterV1;
				PRODUCT_NAME = "$(TARGET_NAME)";
				SWIFT_VERSION = 3.0;
			};
			name = Release;
		};
		743D2FCC1D906CBE0057721C /* Debug */ = {
			isa = XCBuildConfiguration;
			buildSettings = {
				ALWAYS_EMBED_SWIFT_STANDARD_LIBRARIES = YES;
				BUNDLE_LOADER = "$(TEST_HOST)";
				INFOPLIST_FILE = SmallshooterV1Tests/Info.plist;
				LD_RUNPATH_SEARCH_PATHS = "$(inherited) @executable_path/Frameworks @loader_path/Frameworks";
				PRODUCT_BUNDLE_IDENTIFIER = com.smallshooter.SmallshooterV1Tests;
				PRODUCT_NAME = "$(TARGET_NAME)";
				SWIFT_VERSION = 3.0;
				TEST_HOST = "$(BUILT_PRODUCTS_DIR)/SmallshooterV1.app/SmallshooterV1";
			};
			name = Debug;
		};
		743D2FCD1D906CBE0057721C /* Release */ = {
			isa = XCBuildConfiguration;
			buildSettings = {
				ALWAYS_EMBED_SWIFT_STANDARD_LIBRARIES = YES;
				BUNDLE_LOADER = "$(TEST_HOST)";
				INFOPLIST_FILE = SmallshooterV1Tests/Info.plist;
				LD_RUNPATH_SEARCH_PATHS = "$(inherited) @executable_path/Frameworks @loader_path/Frameworks";
				PRODUCT_BUNDLE_IDENTIFIER = com.smallshooter.SmallshooterV1Tests;
				PRODUCT_NAME = "$(TARGET_NAME)";
				SWIFT_VERSION = 3.0;
				TEST_HOST = "$(BUILT_PRODUCTS_DIR)/SmallshooterV1.app/SmallshooterV1";
			};
			name = Release;
		};
/* End XCBuildConfiguration section */

/* Begin XCConfigurationList section */
		743D2FA61D906CBE0057721C /* Build configuration list for PBXProject "SmallshooterV1" */ = {
			isa = XCConfigurationList;
			buildConfigurations = (
				743D2FC61D906CBE0057721C /* Debug */,
				743D2FC71D906CBE0057721C /* Release */,
			);
			defaultConfigurationIsVisible = 0;
			defaultConfigurationName = Release;
		};
		743D2FC81D906CBE0057721C /* Build configuration list for PBXNativeTarget "SmallshooterV1" */ = {
			isa = XCConfigurationList;
			buildConfigurations = (
				743D2FC91D906CBE0057721C /* Debug */,
				743D2FCA1D906CBE0057721C /* Release */,
			);
			defaultConfigurationIsVisible = 0;
		};
		743D2FCB1D906CBE0057721C /* Build configuration list for PBXNativeTarget "SmallshooterV1Tests" */ = {
			isa = XCConfigurationList;
			buildConfigurations = (
				743D2FCC1D906CBE0057721C /* Debug */,
				743D2FCD1D906CBE0057721C /* Release */,
			);
			defaultConfigurationIsVisible = 0;
		};
/* End XCConfigurationList section */
	};
	rootObject = 743D2FA31D906CBE0057721C /* Project object */;
}
